
Microsoft Visual Studio Solution File, Format Version 12.00
# Visual Studio Version 17
VisualStudioVersion = 17.4.33110.190
MinimumVisualStudioVersion = 10.0.40219.1
Project("{FAE04EC0-301F-11D3-BF4B-00C04F79EFBC}") = "ProjetDotNet", "ProjetDotNet\ProjetDotNet.csproj", "{C6081CC9-5E80-47A1-B698-DD020D2AA6E8}"
EndProject
Global
	GlobalSection(SolutionConfigurationPlatforms) = preSolution
		Debug|Any CPU = Debug|Any CPU
		Release|Any CPU = Release|Any CPU
	EndGlobalSection
	GlobalSection(ProjectConfigurationPlatforms) = postSolution
		{C6081CC9-5E80-47A1-B698-DD020D2AA6E8}.Debug|Any CPU.ActiveCfg = Debug|Any CPU
		{C6081CC9-5E80-47A1-B698-DD020D2AA6E8}.Debug|Any CPU.Build.0 = Debug|Any CPU
		{C6081CC9-5E80-47A1-B698-DD020D2AA6E8}.Release|Any CPU.ActiveCfg = Release|Any CPU
		{C6081CC9-5E80-47A1-B698-DD020D2AA6E8}.Release|Any CPU.Build.0 = Release|Any CPU
	EndGlobalSection
	GlobalSection(SolutionProperties) = preSolution
		HideSolutionNode = FALSE
	EndGlobalSection
	GlobalSection(ExtensibilityGlobals) = postSolution
		SolutionGuid = {D928DBBA-DD8F-4996-ACCB-0A49100756CA}
	EndGlobalSection
EndGlobal
